PODS:
  - DXConstantsKit (0.1.2):
    - DXConstantsKit/Color (= 0.1.2)
    - DXConstantsKit/Font (= 0.1.2)
    - DXConstantsKit/Frame (= 0.1.2)
    - DXConstantsKit/Other (= 0.1.2)
    - DXConstantsKit/Sandbox (= 0.1.2)
    - DXConstantsKit/Service (= 0.1.2)
    - DXConstantsKit/Tool (= 0.1.2)
    - DXConstantsKit/Type (= 0.1.2)
  - DXConstantsKit/Color (0.1.2)
  - DXConstantsKit/Font (0.1.2):
    - DXConstantsKit/Other
  - DXConstantsKit/Frame (0.1.2)
  - DXConstantsKit/Other (0.1.2)
  - DXConstantsKit/Sandbox (0.1.2)
  - DXConstantsKit/Service (0.1.2)
  - DXConstantsKit/Tool (0.1.2)
  - DXConstantsKit/Type (0.1.2)

DEPENDENCIES:
  - DXConstantsKit (from `../`)

EXTERNAL SOURCES:
  DXConstantsKit:
    :path: "../"

SPEC CHECKSUMS:
  DXConstantsKit: 51ff2e63a346c774ea2d1be5e3e0816ca4a6ec4b

PODFILE CHECKSUM: a48df76e379975c90ed8af9794d8528b81886bed

COCOAPODS: 1.9.3
