PODS:
  - DXConstantsKit (0.1.4):
    - DXConstantsKit/Color (= 0.1.4)
    - DXConstantsKit/Font (= 0.1.4)
    - DXConstantsKit/Frame (= 0.1.4)
    - DXConstantsKit/Other (= 0.1.4)
    - DXConstantsKit/Sandbox (= 0.1.4)
    - DXConstantsKit/Service (= 0.1.4)
    - DXConstantsKit/Tool (= 0.1.4)
    - DXConstantsKit/Type (= 0.1.4)
  - DXConstantsKit/Color (0.1.4)
  - DXConstantsKit/Font (0.1.4):
    - DXConstantsKit/Other
  - DXConstantsKit/Frame (0.1.4)
  - DXConstantsKit/Other (0.1.4)
  - DXConstantsKit/Sandbox (0.1.4)
  - DXConstantsKit/Service (0.1.4)
  - DXConstantsKit/Tool (0.1.4)
  - DXConstantsKit/Type (0.1.4)

DEPENDENCIES:
  - DXConstantsKit (from `../`)

EXTERNAL SOURCES:
  DXConstantsKit:
    :path: "../"

SPEC CHECKSUMS:
  DXConstantsKit: c70932edba494201e95912ff4a2ac9c7e1278c9d

PODFILE CHECKSUM: a48df76e379975c90ed8af9794d8528b81886bed

COCOAPODS: 1.9.3
